
Microsoft Visual Studio Solution File, Format Version 12.00
# Visual Studio 15
VisualStudioVersion = 15.0.28307.168
MinimumVisualStudioVersion = 10.0.40219.1
Project("{FAE04EC0-301F-11D3-BF4B-00C04F79EFBC}") = "Words", "Words\Words.csproj", "{48C210D5-BAF5-4505-926C-E9C6C96D2DCB}"
EndProject
Global
	GlobalSection(SolutionConfigurationPlatforms) = preSolution
		Debug|Any CPU = Debug|Any CPU
		Release|Any CPU = Release|Any CPU
	EndGlobalSection
	GlobalSection(ProjectConfigurationPlatforms) = postSolution
		{48C210D5-BAF5-4505-926C-E9C6C96D2DCB}.Debug|Any CPU.ActiveCfg = Debug|Any CPU
		{48C210D5-BAF5-4505-926C-E9C6C96D2DCB}.Debug|Any CPU.Build.0 = Debug|Any CPU
		{48C210D5-BAF5-4505-926C-E9C6C96D2DCB}.Release|Any CPU.ActiveCfg = Release|Any CPU
		{48C210D5-BAF5-4505-926C-E9C6C96D2DCB}.Release|Any CPU.Build.0 = Release|Any CPU
	EndGlobalSection
	GlobalSection(SolutionProperties) = preSolution
		HideSolutionNode = FALSE
	EndGlobalSection
	GlobalSection(ExtensibilityGlobals) = postSolution
		SolutionGuid = {09041C7D-AC48-46F3-9123-2806EE87046D}
	EndGlobalSection
EndGlobal
